
Microsoft Visual Studio Solution File, Format Version 12.00
Project("{FAE04EC0-301F-11D3-BF4B-00C04F79EFBC}") = "CSnakeXenzia", "CSnakeXenzia\CSnakeXenzia.csproj", "{43776913-8BAE-49CA-B897-27D439C250B1}"
EndProject
Global
	GlobalSection(SolutionConfigurationPlatforms) = preSolution
		Debug|Any CPU = Debug|Any CPU
		Release|Any CPU = Release|Any CPU
	EndGlobalSection
	GlobalSection(ProjectConfigurationPlatforms) = postSolution
		{43776913-8BAE-49CA-B897-27D439C250B1}.Debug|Any CPU.ActiveCfg = Debug|Any CPU
		{43776913-8BAE-49CA-B897-27D439C250B1}.Debug|Any CPU.Build.0 = Debug|Any CPU
		{43776913-8BAE-49CA-B897-27D439C250B1}.Release|Any CPU.ActiveCfg = Release|Any CPU
		{43776913-8BAE-49CA-B897-27D439C250B1}.Release|Any CPU.Build.0 = Release|Any CPU
	EndGlobalSection
EndGlobal
